
Microsoft Visual Studio Solution File, Format Version 12.00
# Visual Studio 14
VisualStudioVersion = 14.0.25123.0
MinimumVisualStudioVersion = 10.0.40219.1
Project("{FAE04EC0-301F-11D3-BF4B-00C04F79EFBC}") = "RiotInformationCenter.BusinessLayer", "RiotInformationCenter.BusinessLayer\RiotInformationCenter.BusinessLayer.csproj", "{927B206B-8D25-4802-8830-967F6CBCC344}"
EndProject
Project("{FAE04EC0-301F-11D3-BF4B-00C04F79EFBC}") = "RiotInformationCenter.Presentation", "RiotInformationCenter.Presentation\RiotInformationCenter.Presentation.csproj", "{81A436D4-80AC-48D9-A957-F4C702A9F018}"
EndProject
Project("{FAE04EC0-301F-11D3-BF4B-00C04F79EFBC}") = "RiotInformationCenter.DataLayer", "RiotInformationCenter.DataLayer\RiotInformationCenter.DataLayer.csproj", "{1B9C668E-CF42-456F-9334-5DF021D25A22}"
EndProject
Project("{FAE04EC0-301F-11D3-BF4B-00C04F79EFBC}") = "RiotInformationCenter.Entitys", "RiotInformationCenter.Entitys\RiotInformationCenter.Entitys.csproj", "{5263C18C-3DAF-49A0-AA16-3EF8A352908F}"
EndProject
Project("{FAE04EC0-301F-11D3-BF4B-00C04F79EFBC}") = "MvvmCommon", "MvvmCommon\MvvmCommon.csproj", "{9E7C9CEE-D3D8-4630-9A10-72ED495B2028}"
EndProject
Global
	GlobalSection(SolutionConfigurationPlatforms) = preSolution
		Debug|Any CPU = Debug|Any CPU
		Release|Any CPU = Release|Any CPU
	EndGlobalSection
	GlobalSection(ProjectConfigurationPlatforms) = postSolution
		{927B206B-8D25-4802-8830-967F6CBCC344}.Debug|Any CPU.ActiveCfg = Debug|Any CPU
		{927B206B-8D25-4802-8830-967F6CBCC344}.Debug|Any CPU.Build.0 = Debug|Any CPU
		{927B206B-8D25-4802-8830-967F6CBCC344}.Release|Any CPU.ActiveCfg = Release|Any CPU
		{927B206B-8D25-4802-8830-967F6CBCC344}.Release|Any CPU.Build.0 = Release|Any CPU
		{81A436D4-80AC-48D9-A957-F4C702A9F018}.Debug|Any CPU.ActiveCfg = Debug|Any CPU
		{81A436D4-80AC-48D9-A957-F4C702A9F018}.Debug|Any CPU.Build.0 = Debug|Any CPU
		{81A436D4-80AC-48D9-A957-F4C702A9F018}.Release|Any CPU.ActiveCfg = Release|Any CPU
		{81A436D4-80AC-48D9-A957-F4C702A9F018}.Release|Any CPU.Build.0 = Release|Any CPU
		{1B9C668E-CF42-456F-9334-5DF021D25A22}.Debug|Any CPU.ActiveCfg = Debug|Any CPU
		{1B9C668E-CF42-456F-9334-5DF021D25A22}.Debug|Any CPU.Build.0 = Debug|Any CPU
		{1B9C668E-CF42-456F-9334-5DF021D25A22}.Release|Any CPU.ActiveCfg = Release|Any CPU
		{1B9C668E-CF42-456F-9334-5DF021D25A22}.Release|Any CPU.Build.0 = Release|Any CPU
		{5263C18C-3DAF-49A0-AA16-3EF8A352908F}.Debug|Any CPU.ActiveCfg = Debug|Any CPU
		{5263C18C-3DAF-49A0-AA16-3EF8A352908F}.Debug|Any CPU.Build.0 = Debug|Any CPU
		{5263C18C-3DAF-49A0-AA16-3EF8A352908F}.Release|Any CPU.ActiveCfg = Release|Any CPU
		{5263C18C-3DAF-49A0-AA16-3EF8A352908F}.Release|Any CPU.Build.0 = Release|Any CPU
		{9E7C9CEE-D3D8-4630-9A10-72ED495B2028}.Debug|Any CPU.ActiveCfg = Debug|Any CPU
		{9E7C9CEE-D3D8-4630-9A10-72ED495B2028}.Debug|Any CPU.Build.0 = Debug|Any CPU
		{9E7C9CEE-D3D8-4630-9A10-72ED495B2028}.Release|Any CPU.ActiveCfg = Release|Any CPU
		{9E7C9CEE-D3D8-4630-9A10-72ED495B2028}.Release|Any CPU.Build.0 = Release|Any CPU
	EndGlobalSection
	GlobalSection(SolutionProperties) = preSolution
		HideSolutionNode = FALSE
	EndGlobalSection
EndGlobal
